
Microsoft Visual Studio Solution File, Format Version 12.00
# Visual Studio 15
VisualStudioVersion = 15.0.27428.2015
MinimumVisualStudioVersion = 10.0.40219.1
Project("{FAE04EC0-301F-11D3-BF4B-00C04F79EFBC}") = "GameRank", "GameRank\GameRank.csproj", "{B6E61708-DD82-44EC-B114-B4B5D9B236B8}"
EndProject
Project("{FAE04EC0-301F-11D3-BF4B-00C04F79EFBC}") = "GameRankTest", "GameRankTest\GameRankTest.csproj", "{2C8B44B0-1C98-4030-A89F-22D3F1C6B897}"
EndProject
Global
	GlobalSection(SolutionConfigurationPlatforms) = preSolution
		Debug|Any CPU = Debug|Any CPU
		Release|Any CPU = Release|Any CPU
	EndGlobalSection
	GlobalSection(ProjectConfigurationPlatforms) = postSolution
		{B6E61708-DD82-44EC-B114-B4B5D9B236B8}.Debug|Any CPU.ActiveCfg = Debug|Any CPU
		{B6E61708-DD82-44EC-B114-B4B5D9B236B8}.Debug|Any CPU.Build.0 = Debug|Any CPU
		{B6E61708-DD82-44EC-B114-B4B5D9B236B8}.Release|Any CPU.ActiveCfg = Release|Any CPU
		{B6E61708-DD82-44EC-B114-B4B5D9B236B8}.Release|Any CPU.Build.0 = Release|Any CPU
		{2C8B44B0-1C98-4030-A89F-22D3F1C6B897}.Debug|Any CPU.ActiveCfg = Debug|Any CPU
		{2C8B44B0-1C98-4030-A89F-22D3F1C6B897}.Debug|Any CPU.Build.0 = Debug|Any CPU
		{2C8B44B0-1C98-4030-A89F-22D3F1C6B897}.Release|Any CPU.ActiveCfg = Release|Any CPU
		{2C8B44B0-1C98-4030-A89F-22D3F1C6B897}.Release|Any CPU.Build.0 = Release|Any CPU
	EndGlobalSection
	GlobalSection(SolutionProperties) = preSolution
		HideSolutionNode = FALSE
	EndGlobalSection
	GlobalSection(ExtensibilityGlobals) = postSolution
		SolutionGuid = {D44D2B4E-E8E9-4556-9B4B-7203B2D747F2}
	EndGlobalSection
EndGlobal
